github.com/google/logger v1.0.0 h1:SS5v3IgoIXtXYrTqtGYaGaxGeZmeXum9oinQbkQ1Z6s=
github.com/google/logger v1.0.0/go.mod h1:tQN+I/DyBt051hEHNEzPgIeyy/GD1WJaKbqPScoDKdY=
golang.org/x/sys v0.0.0-20190422173550-953cdadca894 h1:I1H82UvcKKs7LLgUebogm16Tu+RUN38zBjQUOr7kvuY=
golang.org/x/sys v0.0.0-20190422173550-953cdadca894/go.mod h1:h1NjWce9XRLGQEsW7wpKNCjG9DtNlClVuFLEZdDNbEs=
golang.org/x/sys v0.0.0-20190506124727-ca7f33d4116e/go.mod h1:h1NjWce9XRLGQEsW7wpKNCjG9DtNlClVuFLEZdDNbEs=
golang.org/x/sys v0.0.0-20190703133709-04f50cda93cb/go.mod h1:h1NjWce9XRLGQEsW7wpKNCjG9DtNlClVuFLEZdDNbEs=
