github.com/golang/protobuf v1.3.1 h1:YF8+flBXS5eO826T4nzqPrxfhQThhXl0YzfuUPu4SBg=
github.com/golang/protobuf v1.3.1/go.mod h1:6lQm79b+lXiMfvg/cZm0SGofjICqVBUtrP5yJMmIC1U=
github.com/google/logger v1.0.0 h1:SS5v3IgoIXtXYrTqtGYaGaxGeZmeXum9oinQbkQ1Z6s=
github.com/google/logger v1.0.0/go.mod h1:tQN+I/DyBt051hEHNEzPgIeyy/GD1WJaKbqPScoDKdY=
github.com/google/uuid v1.1.1 h1:Gkbcsh/GbpXz7lPftLA3P6TYMwjCLYm83jiFQZF/3gY=
github.com/google/uuid v1.1.1/go.mod h1:TIyPZe4MgqvfeYDBFedMoGGpEw/LqOeaOT+nhxU+yHo=
golang.org/x/sys v0.0.0-20190506124727-ca7f33d4116e h1:xKDFkNShkSGtrJNprYXrqYD3p6eNUMvTCxt8Fv2Qfeg=
golang.org/x/sys v0.0.0-20190506124727-ca7f33d4116e/go.mod h1:h1NjWce9XRLGQEsW7wpKNCjG9DtNlClVuFLEZdDNbEs=
